
Microsoft Visual Studio Solution File, Format Version 12.00
# Visual Studio Version 16
VisualStudioVersion = 16.0.30204.135
MinimumVisualStudioVersion = 10.0.40219.1
Project("{FAE04EC0-301F-11D3-BF4B-00C04F79EFBC}") = "cepres", "cepres.csproj", "{48C8A0E0-DACB-45C4-B015-563494865229}"
EndProject
Global
	GlobalSection(SolutionConfigurationPlatforms) = preSolution
		Debug|Any CPU = Debug|Any CPU
		Release|Any CPU = Release|Any CPU
	EndGlobalSection
	GlobalSection(ProjectConfigurationPlatforms) = postSolution
		{48C8A0E0-DACB-45C4-B015-563494865229}.Debug|Any CPU.ActiveCfg = Debug|Any CPU
		{48C8A0E0-DACB-45C4-B015-563494865229}.Debug|Any CPU.Build.0 = Debug|Any CPU
		{48C8A0E0-DACB-45C4-B015-563494865229}.Release|Any CPU.ActiveCfg = Release|Any CPU
		{48C8A0E0-DACB-45C4-B015-563494865229}.Release|Any CPU.Build.0 = Release|Any CPU
	EndGlobalSection
	GlobalSection(SolutionProperties) = preSolution
		HideSolutionNode = FALSE
	EndGlobalSection
	GlobalSection(ExtensibilityGlobals) = postSolution
		SolutionGuid = {B2FB0EC0-F2F8-4BDE-82C5-5FCA2F3009B7}
	EndGlobalSection
EndGlobal
